name: Daily Auto Block

on:
  schedule:
    # 毎日 日本時間 午後3時 (UTC午前6時) に実行
    - cron: '0 6 * * *'
  workflow_dispatch:
    # 手動でも実行できるようにする

jobs:
  build:
    runs-on: ubuntu-latest

    steps:
    - name: Checkout repository
      uses: actions/checkout@v4

    - name: Set up Python
      uses: actions/setup-python@v5
      with:
        python-version: '3.12'

    - name: Install dependencies
      run: |
        python -m pip install --upgrade pip
        pip install -r requirements.txt

    - name: Run script
      env:
        API_KEY: ${{ secrets.API_KEY }}
        API_KEY_SECRET: ${{ secrets.API_KEY_SECRET }}
        ACCESS_TOKEN: ${{ secrets.ACCESS_TOKEN }}
        ACCESS_TOKEN_SECRET: ${{ secrets.ACCESS_TOKEN_SECRET }}
      run: python block_past_replies.py
